<?xml version="1.0" encoding="utf-8"?>
<Project ToolsVersion="4.0" xmlns="http://schemas.microsoft.com/developer/msbuild/2003">
  <ItemGroup>
    <Filter Include="Source Files">
      <UniqueIdentifier>{4FC737F1-C7A5-4376-A066-2A32D752A2FF}</UniqueIdentifier>
      <Extensions>cpp;c;cc;cxx;def;odl;idl;hpj;bat;asm;asmx</Extensions>
    </Filter>
    <Filter Include="Header Files">
      <UniqueIdentifier>{93995380-89BD-4b04-88EB-625FBE52EBFB}</UniqueIdentifier>
      <Extensions>h;hh;hpp;hxx;hm;inl;inc;xsd</Extensions>
    </Filter>
    <Filter Include="FrameWork">
      <UniqueIdentifier>{3daf3705-49c9-4cb5-9562-944d7ce923bd}</UniqueIdentifier>
    </Filter>
    <Filter Include="FrameWork\Header Files">
      <UniqueIdentifier>{bba034c8-8156-4c02-8a39-54fbbaa001d8}</UniqueIdentifier>
    </Filter>
    <Filter Include="FrameWork\Source Files">
      <UniqueIdentifier>{eec92ced-fe36-4911-b029-c1ee57538564}</UniqueIdentifier>
    </Filter>
    <Filter Include="1. Game Files">
      <UniqueIdentifier>{fe4bd7a1-bfb7-4883-8aa9-6a1cf2dbc086}</UniqueIdentifier>
    </Filter>
  </ItemGroup>
  <ItemGroup>
    <ClCompile Include="TextLabel.cpp">
      <Filter>Source Files</Filter>
    </ClCompile>
    <ClCompile Include="Utils.cpp">
      <Filter>Source Files</Filter>
    </ClCompile>
    <ClCompile Include="Menu.cpp">
      <Filter>Source Files</Filter>
    </ClCompile>
    <ClCompile Include="ShaderLoader.cpp">
      <Filter>Source Files</Filter>
    </ClCompile>
    <ClCompile Include="CLogger.cpp">
      <Filter>Source Files</Filter>
    </ClCompile>
    <ClCompile Include="ResourceManager.cpp">
      <Filter>Source Files</Filter>
    </ClCompile>
    <ClCompile Include="Model.cpp">
      <Filter>FrameWork\Source Files</Filter>
    </ClCompile>
    <ClCompile Include="main.cpp">
      <Filter>FrameWork\Source Files</Filter>
    </ClCompile>
    <ClCompile Include="SceneManager.cpp">
      <Filter>FrameWork\Source Files</Filter>
    </ClCompile>
    <ClCompile Include="Camera.cpp">
      <Filter>FrameWork\Source Files</Filter>
    </ClCompile>
    <ClCompile Include="Game.cpp">
      <Filter>Source Files</Filter>
    </ClCompile>
    <ClCompile Include="Player.cpp">
      <Filter>Source Files</Filter>
    </ClCompile>
    <ClCompile Include="Asteroid.cpp">
      <Filter>Source Files</Filter>
    </ClCompile>
  </ItemGroup>
  <ItemGroup>
    <ClInclude Include="Menu.h">
      <Filter>Header Files</Filter>
    </ClInclude>
    <ClInclude Include="GL_Utils.h">
      <Filter>Header Files</Filter>
    </ClInclude>
    <ClInclude Include="TextLabel.h">
      <Filter>Header Files</Filter>
    </ClInclude>
    <ClInclude Include="ShaderLoader.h">
      <Filter>Header Files</Filter>
    </ClInclude>
    <ClInclude Include="CLogger.h">
      <Filter>Header Files</Filter>
    </ClInclude>
    <ClInclude Include="FileGetter.h">
      <Filter>Header Files</Filter>
    </ClInclude>
    <ClInclude Include="ResourceManager.h">
      <Filter>Header Files</Filter>
    </ClInclude>
    <ClInclude Include="Scene.h">
      <Filter>FrameWork\Header Files</Filter>
    </ClInclude>
    <ClInclude Include="SceneManager.h">
      <Filter>FrameWork\Header Files</Filter>
    </ClInclude>
    <ClInclude Include="Model.h">
      <Filter>FrameWork\Header Files</Filter>
    </ClInclude>
    <ClInclude Include="Camera.h">
      <Filter>FrameWork\Header Files</Filter>
    </ClInclude>
    <ClInclude Include="Game.h">
      <Filter>Header Files</Filter>
    </ClInclude>
    <ClInclude Include="Player.h">
      <Filter>Header Files</Filter>
    </ClInclude>
    <ClInclude Include="Asteroid.h">
      <Filter>Header Files</Filter>
    </ClInclude>
  </ItemGroup>
</Project>